PODS:
  - roam-ios (0.0.5)

DEPENDENCIES:
  - roam-ios (from `https://github.com/roam-ai/roam-ios.git`, tag `0.0.5`)

EXTERNAL SOURCES:
  roam-ios:
    :git: https://github.com/roam-ai/roam-ios.git
    :tag: 0.0.5

CHECKOUT OPTIONS:
  roam-ios:
    :git: https://github.com/roam-ai/roam-ios.git
    :tag: 0.0.5

SPEC CHECKSUMS:
  roam-ios: 9c450f4103548a37f5f922865d6528b3d350830b

PODFILE CHECKSUM: 7dcd063a165a097aef374cd924884a0b922b270f

COCOAPODS: 1.10.1
