PODS:
  - AWSAuthCore (2.24.1):
    - AWSCore (= 2.24.1)
  - AWSCognitoIdentityProvider (2.24.1):
    - AWSCognitoIdentityProviderASF (= 2.24.1)
    - AWSCore (= 2.24.1)
  - AWSCognitoIdentityProviderASF (2.24.1)
  - AWSCore (2.24.1)
  - AWSIoT (2.24.1):
    - AWSCore (= 2.24.1)
  - AWSMobileClient (2.24.1):
    - AWSAuthCore (= 2.24.1)
    - AWSCognitoIdentityProvider (= 2.24.1)
    - AWSCognitoIdentityProviderASF (= 2.24.1)
    - AWSCore (= 2.24.1)

DEPENDENCIES:
  - AWSIoT
  - AWSMobileClient

SPEC REPOS:
  trunk:
    - AWSAuthCore
    - AWSCognitoIdentityProvider
    - AWSCognitoIdentityProviderASF
    - AWSCore
    - AWSIoT
    - AWSMobileClient

SPEC CHECKSUMS:
  AWSAuthCore: a4400758dd1467e655bd859ee87aab1888ec9a4d
  AWSCognitoIdentityProvider: ee2baffabe894407f5da7cd43aee7a0608680c24
  AWSCognitoIdentityProviderASF: ffc62276197db5c41d8f7ce952443fb29e2967cc
  AWSCore: f6cfada8b48d569c11b94e49e8fb184b9c1a2e7e
  AWSIoT: eb8bd932d731ffe5a8f12a0387d1413ffd4e9c0e
  AWSMobileClient: b39ba2044701c4d013814bab148550d10b47f8b3

PODFILE CHECKSUM: dfbbece36757a35a1996b4002b0d37bacc59deca

COCOAPODS: 1.10.1
